
Microsoft Visual Studio Solution File, Format Version 12.00
# Visual Studio 2012
Project("{FAE04EC0-301F-11D3-BF4B-00C04F79EFBC}") = "FluentSecurity.Specification", "FluentSecurity.Specification\FluentSecurity.Specification.csproj", "{2CB0499B-C0F7-4207-B5BC-1EDB207D9308}"
EndProject
Project("{FAE04EC0-301F-11D3-BF4B-00C04F79EFBC}") = "FluentSecurity.TestHelper", "FluentSecurity.TestHelper\FluentSecurity.TestHelper.csproj", "{F8E43851-6455-48F4-96DE-C3CB3E189123}"
EndProject
Project("{FAE04EC0-301F-11D3-BF4B-00C04F79EFBC}") = "FluentSecurity.TestHelper.Specification", "FluentSecurity.TestHelper.Specification\FluentSecurity.TestHelper.Specification.csproj", "{2C5E08EC-362A-4A9F-BC7E-AA44B4589995}"
EndProject
Project("{2150E333-8FDC-42A3-9474-1A3956D46DE8}") = ".nuget", ".nuget", "{0B7B892C-DE97-4EC3-8D1A-A27EE7D8E23F}"
	ProjectSection(SolutionItems) = preProject
		.nuget\NuGet.Config = .nuget\NuGet.Config
		.nuget\NuGet.exe = .nuget\NuGet.exe
		.nuget\NuGet.targets = .nuget\NuGet.targets
		.nuget\packages.config = .nuget\packages.config
	EndProjectSection
EndProject
Project("{FAE04EC0-301F-11D3-BF4B-00C04F79EFBC}") = "FluentSecurity.Mvc", "FluentSecurity.Mvc\FluentSecurity.Mvc.csproj", "{673F02AC-EEAF-4D65-9B0B-15D534AD7E82}"
EndProject
Project("{FAE04EC0-301F-11D3-BF4B-00C04F79EFBC}") = "FluentSecurity.Core", "FluentSecurity.Core\FluentSecurity.Core.csproj", "{615A6913-2870-463A-9EC9-316E3B12BCD7}"
EndProject
Project("{FAE04EC0-301F-11D3-BF4B-00C04F79EFBC}") = "FluentSecurity.WebApi", "FluentSecurity.WebApi\FluentSecurity.WebApi.csproj", "{60F12F60-531C-431B-A181-70598E224B46}"
EndProject
Global
	GlobalSection(SolutionConfigurationPlatforms) = preSolution
		Debug|Any CPU = Debug|Any CPU
		Release|Any CPU = Release|Any CPU
	EndGlobalSection
	GlobalSection(ProjectConfigurationPlatforms) = postSolution
		{2CB0499B-C0F7-4207-B5BC-1EDB207D9308}.Debug|Any CPU.ActiveCfg = Debug|Any CPU
		{2CB0499B-C0F7-4207-B5BC-1EDB207D9308}.Debug|Any CPU.Build.0 = Debug|Any CPU
		{2CB0499B-C0F7-4207-B5BC-1EDB207D9308}.Release|Any CPU.ActiveCfg = Release|Any CPU
		{2CB0499B-C0F7-4207-B5BC-1EDB207D9308}.Release|Any CPU.Build.0 = Release|Any CPU
		{F8E43851-6455-48F4-96DE-C3CB3E189123}.Debug|Any CPU.ActiveCfg = Debug|Any CPU
		{F8E43851-6455-48F4-96DE-C3CB3E189123}.Debug|Any CPU.Build.0 = Debug|Any CPU
		{F8E43851-6455-48F4-96DE-C3CB3E189123}.Release|Any CPU.ActiveCfg = Release|Any CPU
		{F8E43851-6455-48F4-96DE-C3CB3E189123}.Release|Any CPU.Build.0 = Release|Any CPU
		{2C5E08EC-362A-4A9F-BC7E-AA44B4589995}.Debug|Any CPU.ActiveCfg = Debug|Any CPU
		{2C5E08EC-362A-4A9F-BC7E-AA44B4589995}.Debug|Any CPU.Build.0 = Debug|Any CPU
		{2C5E08EC-362A-4A9F-BC7E-AA44B4589995}.Release|Any CPU.ActiveCfg = Release|Any CPU
		{2C5E08EC-362A-4A9F-BC7E-AA44B4589995}.Release|Any CPU.Build.0 = Release|Any CPU
		{673F02AC-EEAF-4D65-9B0B-15D534AD7E82}.Debug|Any CPU.ActiveCfg = Debug|Any CPU
		{673F02AC-EEAF-4D65-9B0B-15D534AD7E82}.Debug|Any CPU.Build.0 = Debug|Any CPU
		{673F02AC-EEAF-4D65-9B0B-15D534AD7E82}.Release|Any CPU.ActiveCfg = Release|Any CPU
		{673F02AC-EEAF-4D65-9B0B-15D534AD7E82}.Release|Any CPU.Build.0 = Release|Any CPU
		{615A6913-2870-463A-9EC9-316E3B12BCD7}.Debug|Any CPU.ActiveCfg = Debug|Any CPU
		{615A6913-2870-463A-9EC9-316E3B12BCD7}.Debug|Any CPU.Build.0 = Debug|Any CPU
		{615A6913-2870-463A-9EC9-316E3B12BCD7}.Release|Any CPU.ActiveCfg = Release|Any CPU
		{615A6913-2870-463A-9EC9-316E3B12BCD7}.Release|Any CPU.Build.0 = Release|Any CPU
		{60F12F60-531C-431B-A181-70598E224B46}.Debug|Any CPU.ActiveCfg = Debug|Any CPU
		{60F12F60-531C-431B-A181-70598E224B46}.Debug|Any CPU.Build.0 = Debug|Any CPU
		{60F12F60-531C-431B-A181-70598E224B46}.Release|Any CPU.ActiveCfg = Release|Any CPU
		{60F12F60-531C-431B-A181-70598E224B46}.Release|Any CPU.Build.0 = Release|Any CPU
	EndGlobalSection
	GlobalSection(SolutionProperties) = preSolution
		HideSolutionNode = FALSE
	EndGlobalSection
EndGlobal
